{
  "name": "examples",
  "lockfileVersion": 3,
  "requires": true,
  "packages": {
    "": {
      "dependencies": {
        "@arque/core": "file:../packages/core",
        "@arque/kafka-stream-adapter": "file:../packages/kafka-stream-adapter",
        "@arque/mongo-config-adapter": "file:../packages/mongo-config-adapter",
        "@arque/mongo-store-adapter": "file:../packages/mongo-store-adapter",
        "debug": "4.4.3"
      }
    },
    "../packages/core": {
      "name": "@arque/core",
      "version": "0.15.0",
      "license": "MIT",
      "dependencies": {
        "async-mutex": "0.5.0",
        "bs58": "6.0.0",
        "debug": "4.4.3",
        "exponential-backoff": "3.1.3",
        "lru-cache": "10.4.3"
      }
    },
    "../packages/kafka-stream-adapter": {
      "name": "@arque/kafka-stream-adapter",
      "version": "0.15.1",
      "license": "MIT",
      "dependencies": {
        "@arque/core": "0.15.0",
        "@scaleforge/joser": "0.8.8",
        "debug": "4.4.3",
        "exponential-backoff": "3.1.3",
        "flatbuffers": "25.9.23",
        "kafkajs": "2.2.4",
        "ohash": "1.1.6"
      }
    },
    "../packages/mongo-config-adapter": {
      "name": "@arque/mongo-config-adapter",
      "version": "0.15.0",
      "license": "MIT",
      "dependencies": {
        "@arque/core": "0.15.0",
        "debug": "4.4.3",
        "lru-cache": "10.4.3",
        "mongoose": "9.11.0"
      }
    },
    "../packages/mongo-store-adapter": {
      "name": "@arque/mongo-store-adapter",
      "version": "0.15.0",
      "license": "MIT",
      "dependencies": {
        "@arque/core": "0.15.0",
        "@scaleforge/joser": "0.8.8",
        "debug": "4.4.3",
        "exponential-backoff": "3.1.3",
        "mongoose": "9.11.0",
        "p-queue": "6.6.2",
        "ts-pattern": "5.9.0"
      }
    },
    "node_modules/@arque/core": {
      "resolved": "../packages/core",
      "link": true
    },
    "node_modules/@arque/kafka-stream-adapter": {
      "resolved": "../packages/kafka-stream-adapter",
      "link": true
    },
    "node_modules/@arque/mongo-config-adapter": {
      "resolved": "../packages/mongo-config-adapter",
      "link": true
    },
    "node_modules/@arque/mongo-store-adapter": {
      "resolved": "../packages/mongo-store-adapter",
      "link": true
    },
    "node_modules/debug": {
      "version": "4.4.3",
      "resolved": "https://registry.npmjs.org/debug/-/debug-4.4.3.tgz",
      "integrity": "sha512-RGwwWnwQvkVfavKVt22FGLw+xYSdzARwm0ru6DhTVA3umU5hZc28V3kO4stgYryrTlLpuvgI9GiijltAjNbcqA==",
      "license": "MIT",
      "dependencies": {
        "ms": "^2.1.3"
      },
      "engines": {
        "node": ">=6.0"
      },
      "peerDependenciesMeta": {
        "supports-color": {
          "optional": true
        }
      }
    },
    "node_modules/ms": {
      "version": "2.1.3",
      "resolved": "https://registry.npmjs.org/ms/-/ms-2.1.3.tgz",
      "integrity": "sha512-6FlzubTLZG3J2a/NVCAleEhjzq5oxgHyaCU9yYXvcLsvoVaHJq/s5xXI6/XXP6tz7R9xAOtHnSO/tXtF3WRTlA==",
      "license": "MIT"
    }
  }
}
